
Microsoft Visual Studio Solution File, Format Version 12.00
# Visual Studio Version 17
VisualStudioVersion = 17.3.32922.545
MinimumVisualStudioVersion = 10.0.40219.1
Project("{FAE04EC0-301F-11D3-BF4B-00C04F79EFBC}") = "RunServer", "RunServer\RunServer.csproj", "{49EF18AA-AA5E-0956-221C-A9AF177A141B}"
EndProject
Project("{FAE04EC0-301F-11D3-BF4B-00C04F79EFBC}") = "CmisServer", "CmisServer\CmisServer.csproj", "{143F9FA9-D8A0-03A2-3A0B-1F59B5897E29}"
EndProject
Project("{2150E333-8FDC-42A3-9474-1A3956D46DE8}") = "Xml-Templates", "Xml-Templates", "{F06F0C90-D0B9-4D2F-8914-E42A4F408F21}"
	ProjectSection(SolutionItems) = preProject
		Xml\cmis_document.xml = Xml\cmis_document.xml
		Xml\cmis_folder.xml = Xml\cmis_folder.xml
		Xml\document.xml = Xml\document.xml
		Xml\folder.xml = Xml\folder.xml
	EndProjectSection
EndProject
Project("{FAE04EC0-301F-11D3-BF4B-00C04F79EFBC}") = "WebServer", "WebServer\WebServer.csproj", "{07ADE9CB-14EB-0AF5-2AAF-500E81073285}"
EndProject
Project("{FAE04EC0-301F-11D3-BF4B-00C04F79EFBC}") = "CmisObjectModel", "..\..\CmisObjectModel\CmisObjectModel.csproj", "{ACB4AA6E-0A8C-05C8-3F77-5DF85D09B020}"
EndProject
Global
	GlobalSection(SolutionConfigurationPlatforms) = preSolution
		Debug|Any CPU = Debug|Any CPU
		Release|Any CPU = Release|Any CPU
	EndGlobalSection
	GlobalSection(ProjectConfigurationPlatforms) = postSolution
		{49EF18AA-AA5E-0956-221C-A9AF177A141B}.Debug|Any CPU.ActiveCfg = Debug|Any CPU
		{49EF18AA-AA5E-0956-221C-A9AF177A141B}.Debug|Any CPU.Build.0 = Debug|Any CPU
		{49EF18AA-AA5E-0956-221C-A9AF177A141B}.Release|Any CPU.ActiveCfg = Release|Any CPU
		{49EF18AA-AA5E-0956-221C-A9AF177A141B}.Release|Any CPU.Build.0 = Release|Any CPU
		{143F9FA9-D8A0-03A2-3A0B-1F59B5897E29}.Debug|Any CPU.ActiveCfg = Debug|Any CPU
		{143F9FA9-D8A0-03A2-3A0B-1F59B5897E29}.Debug|Any CPU.Build.0 = Debug|Any CPU
		{143F9FA9-D8A0-03A2-3A0B-1F59B5897E29}.Release|Any CPU.ActiveCfg = Release|Any CPU
		{143F9FA9-D8A0-03A2-3A0B-1F59B5897E29}.Release|Any CPU.Build.0 = Release|Any CPU
		{07ADE9CB-14EB-0AF5-2AAF-500E81073285}.Debug|Any CPU.ActiveCfg = Debug|Any CPU
		{07ADE9CB-14EB-0AF5-2AAF-500E81073285}.Debug|Any CPU.Build.0 = Debug|Any CPU
		{07ADE9CB-14EB-0AF5-2AAF-500E81073285}.Release|Any CPU.ActiveCfg = Release|Any CPU
		{07ADE9CB-14EB-0AF5-2AAF-500E81073285}.Release|Any CPU.Build.0 = Release|Any CPU
		{ACB4AA6E-0A8C-05C8-3F77-5DF85D09B020}.Debug|Any CPU.ActiveCfg = Debug|Any CPU
		{ACB4AA6E-0A8C-05C8-3F77-5DF85D09B020}.Debug|Any CPU.Build.0 = Debug|Any CPU
		{ACB4AA6E-0A8C-05C8-3F77-5DF85D09B020}.Release|Any CPU.ActiveCfg = Release|Any CPU
		{ACB4AA6E-0A8C-05C8-3F77-5DF85D09B020}.Release|Any CPU.Build.0 = Release|Any CPU
	EndGlobalSection
	GlobalSection(SolutionProperties) = preSolution
		HideSolutionNode = FALSE
	EndGlobalSection
	GlobalSection(ExtensibilityGlobals) = postSolution
		SolutionGuid = {369EB251-D239-4ED9-86C9-8E03B1FD6665}
	EndGlobalSection
EndGlobal
